// !$*UTF8*$!
{
	archiveVersion = 1;
	classes = {
	};
	objectVersion = 50;
	objects = {

/* Begin PBXBuildFile section */
		27E03799229AA40F002E4361 /* AppDelegate.swift in Sources */ = {isa = PBXBuildFile; fileRef = 27E03798229AA40F002E4361 /* AppDelegate.swift */; };
		27E0379B229AA410002E4361 /* ViewController.swift in Sources */ = {isa = PBXBuildFile; fileRef = 27E0379A229AA410002E4361 /* ViewController.swift */; };
		27E0379E229AA410002E4361 /* Main.storyboard in Resources */ = {isa = PBXBuildFile; fileRef = 27E0379C229AA410002E4361 /* Main.storyboard */; };
		27E037A1229AA410002E4361 /* CareMind.xcdatamodeld in Sources */ = {isa = PBXBuildFile; fileRef = 27E0379F229AA410002E4361 /* CareMind.xcdatamodeld */; };
		27E037A3229AA412002E4361 /* Assets.xcassets in Resources */ = {isa = PBXBuildFile; fileRef = 27E037A2229AA412002E4361 /* Assets.xcassets */; };
		27E037A6229AA412002E4361 /* LaunchScreen.storyboard in Resources */ = {isa = PBXBuildFile; fileRef = 27E037A4229AA412002E4361 /* LaunchScreen.storyboard */; };
		8BB5B0B4E9B8E0634BBB5450 /* Pods_CareMind.framework in Frameworks */ = {isa = PBXBuildFile; fileRef = 74D4337921E3DB371F1DD75D /* Pods_CareMind.framework */; };
/* End PBXBuildFile section */

/* Begin PBXFileReference section */
		27E03795229AA40F002E4361 /* CareMind.app */ = {isa = PBXFileReference; explicitFileType = wrapper.application; includeInIndex = 0; path = CareMind.app; sourceTree = BUILT_PRODUCTS_DIR; };
		27E03798229AA40F002E4361 /* AppDelegate.swift */ = {isa = PBXFileReference; lastKnownFileType = sourcecode.swift; path = AppDelegate.swift; sourceTree = "<group>"; };
		27E0379A229AA410002E4361 /* ViewController.swift */ = {isa = PBXFileReference; lastKnownFileType = sourcecode.swift; path = ViewController.swift; sourceTree = "<group>"; };
		27E0379D229AA410002E4361 /* Base */ = {isa = PBXFileReference; lastKnownFileType = file.storyboard; name = Base; path = Base.lproj/Main.storyboard; sourceTree = "<group>"; };
		27E037A0229AA410002E4361 /* CareMind.xcdatamodel */ = {isa = PBXFileReference; lastKnownFileType = wrapper.xcdatamodel; path = CareMind.xcdatamodel; sourceTree = "<group>"; };
		27E037A2229AA412002E4361 /* Assets.xcassets */ = {isa = PBXFileReference; lastKnownFileType = folder.assetcatalog; path = Assets.xcassets; sourceTree = "<group>"; };
		27E037A5229AA412002E4361 /* Base */ = {isa = PBXFileReference; lastKnownFileType = file.storyboard; name = Base; path = Base.lproj/LaunchScreen.storyboard; sourceTree = "<group>"; };
		27E037A7229AA412002E4361 /* Info.plist */ = {isa = PBXFileReference; lastKnownFileType = text.plist.xml; path = Info.plist; sourceTree = "<group>"; };
		74D4337921E3DB371F1DD75D /* Pods_CareMind.framework */ = {isa = PBXFileReference; explicitFileType = wrapper.framework; includeInIndex = 0; path = Pods_CareMind.framework; sourceTree = BUILT_PRODUCTS_DIR; };
		B9DD2F52A7442255F16A2B0C /* Pods-CareMind.release.xcconfig */ = {isa = PBXFileReference; includeInIndex = 1; lastKnownFileType = text.xcconfig; name = "Pods-CareMind.release.xcconfig"; path = "Target Support Files/Pods-CareMind/Pods-CareMind.release.xcconfig"; sourceTree = "<group>"; };
		BFD12D24D652A16EFABC81FB /* Pods-CareMind.debug.xcconfig */ = {isa = PBXFileReference; includeInIndex = 1; lastKnownFileType = text.xcconfig; name = "Pods-CareMind.debug.xcconfig"; path = "Target Support Files/Pods-CareMind/Pods-CareMind.debug.xcconfig"; sourceTree = "<group>"; };
/* End PBXFileReference section */

/* Begin PBXFrameworksBuildPhase section */
		27E03792229AA40F002E4361 /* Frameworks */ = {
			isa = PBXFrameworksBuildPhase;
			buildActionMask = 2147483647;
			files = (
				8BB5B0B4E9B8E0634BBB5450 /* Pods_CareMind.framework in Frameworks */,
			);
			runOnlyForDeploymentPostprocessing = 0;
		};
/* End PBXFrameworksBuildPhase section */

/* Begin PBXGroup section */
		27E0378C229AA40F002E4361 = {
			isa = PBXGroup;
			children = (
				27E03797229AA40F002E4361 /* CareMind */,
				27E03796229AA40F002E4361 /* Products */,
				47D082711DB83734FC26E1A9 /* Pods */,
				4C06BE266D703D66663F122F /* Frameworks */,
			);
			sourceTree = "<group>";
		};
		27E03796229AA40F002E4361 /* Products */ = {
			isa = PBXGroup;
			children = (
				27E03795229AA40F002E4361 /* CareMind.app */,
			);
			name = Products;
			sourceTree = "<group>";
		};
		27E03797229AA40F002E4361 /* CareMind */ = {
			isa = PBXGroup;
			children = (
				27E03798229AA40F002E4361 /* AppDelegate.swift */,
				27E0379A229AA410002E4361 /* ViewController.swift */,
				27E0379C229AA410002E4361 /* Main.storyboard */,
				27E037A2229AA412002E4361 /* Assets.xcassets */,
				27E037A4229AA412002E4361 /* LaunchScreen.storyboard */,
				27E037A7229AA412002E4361 /* Info.plist */,
				27E0379F229AA410002E4361 /* CareMind.xcdatamodeld */,
			);
			path = CareMind;
			sourceTree = "<group>";
		};
		47D082711DB83734FC26E1A9 /* Pods */ = {
			isa = PBXGroup;
			children = (
				BFD12D24D652A16EFABC81FB /* Pods-CareMind.debug.xcconfig */,
				B9DD2F52A7442255F16A2B0C /* Pods-CareMind.release.xcconfig */,
			);
			name = Pods;
			path = Pods;
			sourceTree = "<group>";
		};
		4C06BE266D703D66663F122F /* Frameworks */ = {
			isa = PBXGroup;
			children = (
				74D4337921E3DB371F1DD75D /* Pods_CareMind.framework */,
			);
			name = Frameworks;
			sourceTree = "<group>";
		};
/* End PBXGroup section */

/* Begin PBXNativeTarget section */
		27E03794229AA40F002E4361 /* CareMind */ = {
			isa = PBXNativeTarget;
			buildConfigurationList = 27E037AA229AA412002E4361 /* Build configuration list for PBXNativeTarget "CareMind" */;
			buildPhases = (
				702108A5C1E5D0E53B078DA0 /* [CP] Check Pods Manifest.lock */,
				27E03791229AA40F002E4361 /* Sources */,
				27E03792229AA40F002E4361 /* Frameworks */,
				27E03793229AA40F002E4361 /* Resources */,
				737FC5B6C706940FB0BECC4D /* [CP] Embed Pods Frameworks */,
			);
			buildRules = (
			);
			dependencies = (
			);
			name = CareMind;
			productName = CareMind;
			productReference = 27E03795229AA40F002E4361 /* CareMind.app */;
			productType = "com.apple.product-type.application";
		};
/* End PBXNativeTarget section */

/* Begin PBXProject section */
		27E0378D229AA40F002E4361 /* Project object */ = {
			isa = PBXProject;
			attributes = {
				LastSwiftUpdateCheck = 1020;
				LastUpgradeCheck = 1020;
				ORGANIZATIONNAME = jangre;
				TargetAttributes = {
					27E03794229AA40F002E4361 = {
						CreatedOnToolsVersion = 10.2.1;
					};
				};
			};
			buildConfigurationList = 27E03790229AA40F002E4361 /* Build configuration list for PBXProject "CareMind" */;
			compatibilityVersion = "Xcode 9.3";
			developmentRegion = en;
			hasScannedForEncodings = 0;
			knownRegions = (
				en,
				Base,
			);
			mainGroup = 27E0378C229AA40F002E4361;
			productRefGroup = 27E03796229AA40F002E4361 /* Products */;
			projectDirPath = "";
			projectRoot = "";
			targets = (
				27E03794229AA40F002E4361 /* CareMind */,
			);
		};
/* End PBXProject section */

/* Begin PBXResourcesBuildPhase section */
		27E03793229AA40F002E4361 /* Resources */ = {
			isa = PBXResourcesBuildPhase;
			buildActionMask = 2147483647;
			files = (
				27E037A6229AA412002E4361 /* LaunchScreen.storyboard in Resources */,
				27E037A3229AA412002E4361 /* Assets.xcassets in Resources */,
				27E0379E229AA410002E4361 /* Main.storyboard in Resources */,
			);
			runOnlyForDeploymentPostprocessing = 0;
		};
/* End PBXResourcesBuildPhase section */

/* Begin PBXShellScriptBuildPhase section */
		702108A5C1E5D0E53B078DA0 /* [CP] Check Pods Manifest.lock */ = {
			isa = PBXShellScriptBuildPhase;
			buildActionMask = 2147483647;
			files = (
			);
			inputFileListPaths = (
			);
			inputPaths = (
				"${PODS_PODFILE_DIR_PATH}/Podfile.lock",
				"${PODS_ROOT}/Manifest.lock",
			);
			name = "[CP] Check Pods Manifest.lock";
			outputFileListPaths = (
			);
			outputPaths = (
				"$(DERIVED_FILE_DIR)/Pods-CareMind-checkManifestLockResult.txt",
			);
			runOnlyForDeploymentPostprocessing = 0;
			shellPath = /bin/sh;
			shellScript = "diff \"${PODS_PODFILE_DIR_PATH}/Podfile.lock\" \"${PODS_ROOT}/Manifest.lock\" > /dev/null\nif [ $? != 0 ] ; then\n    # print error to STDERR\n    echo \"error: The sandbox is not in sync with the Podfile.lock. Run 'pod install' or update your CocoaPods installation.\" >&2\n    exit 1\nfi\n# This output is used by Xcode 'outputs' to avoid re-running this script phase.\necho \"SUCCESS\" > \"${SCRIPT_OUTPUT_FILE_0}\"\n";
			showEnvVarsInLog = 0;
		};
		737FC5B6C706940FB0BECC4D /* [CP] Embed Pods Frameworks */ = {
			isa = PBXShellScriptBuildPhase;
			buildActionMask = 2147483647;
			files = (
			);
			inputFileListPaths = (
			);
			inputPaths = (
				"${PODS_ROOT}/Target Support Files/Pods-CareMind/Pods-CareMind-frameworks.sh",
				"${BUILT_PRODUCTS_DIR}/SpinWheelControl/SpinWheelControl.framework",
			);
			name = "[CP] Embed Pods Frameworks";
			outputFileListPaths = (
			);
			outputPaths = (
				"${TARGET_BUILD_DIR}/${FRAMEWORKS_FOLDER_PATH}/SpinWheelControl.framework",
			);
			runOnlyForDeploymentPostprocessing = 0;
			shellPath = /bin/sh;
			shellScript = "\"${PODS_ROOT}/Target Support Files/Pods-CareMind/Pods-CareMind-frameworks.sh\"\n";
			showEnvVarsInLog = 0;
		};
/* End PBXShellScriptBuildPhase section */

/* Begin PBXSourcesBuildPhase section */
		27E03791229AA40F002E4361 /* Sources */ = {
			isa = PBXSourcesBuildPhase;
			buildActionMask = 2147483647;
			files = (
				27E0379B229AA410002E4361 /* ViewController.swift in Sources */,
				27E037A1229AA410002E4361 /* CareMind.xcdatamodeld in Sources */,
				27E03799229AA40F002E4361 /* AppDelegate.swift in Sources */,
			);
			runOnlyForDeploymentPostprocessing = 0;
		};
/* End PBXSourcesBuildPhase section */

/* Begin PBXVariantGroup section */
		27E0379C229AA410002E4361 /* Main.storyboard */ = {
			isa = PBXVariantGroup;
			children = (
				27E0379D229AA410002E4361 /* Base */,
			);
			name = Main.storyboard;
			sourceTree = "<group>";
		};
		27E037A4229AA412002E4361 /* LaunchScreen.storyboard */ = {
			isa = PBXVariantGroup;
			children = (
				27E037A5229AA412002E4361 /* Base */,
			);
			name = LaunchScreen.storyboard;
			sourceTree = "<group>";
		};
/* End PBXVariantGroup section */

/* Begin XCBuildConfiguration section */
		27E037A8229AA412002E4361 /* Debug */ = {
			isa = XCBuildConfiguration;
			buildSettings = {
				ALWAYS_SEARCH_USER_PATHS = NO;
				CLANG_ANALYZER_NONNULL = YES;
				CLANG_ANALYZER_NUMBER_OBJECT_CONVERSION = YES_AGGRESSIVE;
				CLANG_CXX_LANGUAGE_STANDARD = "gnu++14";
				CLANG_CXX_LIBRARY = "libc++";
				CLANG_ENABLE_MODULES = YES;
				CLANG_ENABLE_OBJC_ARC = YES;
				CLANG_ENABLE_OBJC_WEAK = YES;
				CLANG_WARN_BLOCK_CAPTURE_AUTORELEASING = YES;
				CLANG_WARN_BOOL_CONVERSION = YES;
				CLANG_WARN_COMMA = YES;
				CLANG_WARN_CONSTANT_CONVERSION = YES;
				CLANG_WARN_DEPRECATED_OBJC_IMPLEMENTATIONS = YES;
				CLANG_WARN_DIRECT_OBJC_ISA_USAGE = YES_ERROR;
				CLANG_WARN_DOCUMENTATION_COMMENTS = YES;
				CLANG_WARN_EMPTY_BODY = YES;
				CLANG_WARN_ENUM_CONVERSION = YES;
				CLANG_WARN_INFINITE_RECURSION = YES;
				CLANG_WARN_INT_CONVERSION = YES;
				CLANG_WARN_NON_LITERAL_NULL_CONVERSION = YES;
				CLANG_WARN_OBJC_IMPLICIT_RETAIN_SELF = YES;
				CLANG_WARN_OBJC_LITERAL_CONVERSION = YES;
				CLANG_WARN_OBJC_ROOT_CLASS = YES_ERROR;
				CLANG_WARN_RANGE_LOOP_ANALYSIS = YES;
				CLANG_WARN_STRICT_PROTOTYPES = YES;
				CLANG_WARN_SUSPICIOUS_MOVE = YES;
				CLANG_WARN_UNGUARDED_AVAILABILITY = YES_AGGRESSIVE;
				CLANG_WARN_UNREACHABLE_CODE = YES;
				CLANG_WARN__DUPLICATE_METHOD_MATCH = YES;
				CODE_SIGN_IDENTITY = "iPhone Developer";
				COPY_PHASE_STRIP = NO;
				DEBUG_INFORMATION_FORMAT = dwarf;
				ENABLE_STRICT_OBJC_MSGSEND = YES;
				ENABLE_TESTABILITY = YES;
				GCC_C_LANGUAGE_STANDARD = gnu11;
				GCC_DYNAMIC_NO_PIC = NO;
				GCC_NO_COMMON_BLOCKS = YES;
				GCC_OPTIMIZATION_LEVEL = 0;
				GCC_PREPROCESSOR_DEFINITIONS = (
					"DEBUG=1",
					"$(inherited)",
				);
				GCC_WARN_64_TO_32_BIT_CONVERSION = YES;
				GCC_WARN_ABOUT_RETURN_TYPE = YES_ERROR;
				GCC_WARN_UNDECLARED_SELECTOR = YES;
				GCC_WARN_UNINITIALIZED_AUTOS = YES_AGGRESSIVE;
				GCC_WARN_UNUSED_FUNCTION = YES;
				GCC_WARN_UNUSED_VARIABLE = YES;
				IPHONEOS_DEPLOYMENT_TARGET = 12.2;
				MTL_ENABLE_DEBUG_INFO = INCLUDE_SOURCE;
				MTL_FAST_MATH = YES;
				ONLY_ACTIVE_ARCH = YES;
				SDKROOT = iphoneos;
				SWIFT_ACTIVE_COMPILATION_CONDITIONS = DEBUG;
				SWIFT_OPTIMIZATION_LEVEL = "-Onone";
			};
			name = Debug;
		};
		27E037A9229AA412002E4361 /* Release */ = {
			isa = XCBuildConfiguration;
			buildSettings = {
				ALWAYS_SEARCH_USER_PATHS = NO;
				CLANG_ANALYZER_NONNULL = YES;
				CLANG_ANALYZER_NUMBER_OBJECT_CONVERSION = YES_AGGRESSIVE;
				CLANG_CXX_LANGUAGE_STANDARD = "gnu++14";
				CLANG_CXX_LIBRARY = "libc++";
				CLANG_ENABLE_MODULES = YES;
				CLANG_ENABLE_OBJC_ARC = YES;
				CLANG_ENABLE_OBJC_WEAK = YES;
				CLANG_WARN_BLOCK_CAPTURE_AUTORELEASING = YES;
				CLANG_WARN_BOOL_CONVERSION = YES;
				CLANG_WARN_COMMA = YES;
				CLANG_WARN_CONSTANT_CONVERSION = YES;
				CLANG_WARN_DEPRECATED_OBJC_IMPLEMENTATIONS = YES;
				CLANG_WARN_DIRECT_OBJC_ISA_USAGE = YES_ERROR;
				CLANG_WARN_DOCUMENTATION_COMMENTS = YES;
				CLANG_WARN_EMPTY_BODY = YES;
				CLANG_WARN_ENUM_CONVERSION = YES;
				CLANG_WARN_INFINITE_RECURSION = YES;
				CLANG_WARN_INT_CONVERSION = YES;
				CLANG_WARN_NON_LITERAL_NULL_CONVERSION = YES;
				CLANG_WARN_OBJC_IMPLICIT_RETAIN_SELF = YES;
				CLANG_WARN_OBJC_LITERAL_CONVERSION = YES;
				CLANG_WARN_OBJC_ROOT_CLASS = YES_ERROR;
				CLANG_WARN_RANGE_LOOP_ANALYSIS = YES;
				CLANG_WARN_STRICT_PROTOTYPES = YES;
				CLANG_WARN_SUSPICIOUS_MOVE = YES;
				CLANG_WARN_UNGUARDED_AVAILABILITY = YES_AGGRESSIVE;
				CLANG_WARN_UNREACHABLE_CODE = YES;
				CLANG_WARN__DUPLICATE_METHOD_MATCH = YES;
				CODE_SIGN_IDENTITY = "iPhone Developer";
				COPY_PHASE_STRIP = NO;
				DEBUG_INFORMATION_FORMAT = "dwarf-with-dsym";
				ENABLE_NS_ASSERTIONS = NO;
				ENABLE_STRICT_OBJC_MSGSEND = YES;
				GCC_C_LANGUAGE_STANDARD = gnu11;
				GCC_NO_COMMON_BLOCKS = YES;
				GCC_WARN_64_TO_32_BIT_CONVERSION = YES;
				GCC_WARN_ABOUT_RETURN_TYPE = YES_ERROR;
				GCC_WARN_UNDECLARED_SELECTOR = YES;
				GCC_WARN_UNINITIALIZED_AUTOS = YES_AGGRESSIVE;
				GCC_WARN_UNUSED_FUNCTION = YES;
				GCC_WARN_UNUSED_VARIABLE = YES;
				IPHONEOS_DEPLOYMENT_TARGET = 12.2;
				MTL_ENABLE_DEBUG_INFO = NO;
				MTL_FAST_MATH = YES;
				SDKROOT = iphoneos;
				SWIFT_COMPILATION_MODE = wholemodule;
				SWIFT_OPTIMIZATION_LEVEL = "-O";
				VALIDATE_PRODUCT = YES;
			};
			name = Release;
		};
		27E037AB229AA412002E4361 /* Debug */ = {
			isa = XCBuildConfiguration;
			baseConfigurationReference = BFD12D24D652A16EFABC81FB /* Pods-CareMind.debug.xcconfig */;
			buildSettings = {
				ASSETCATALOG_COMPILER_APPICON_NAME = AppIcon;
				CODE_SIGN_STYLE = Automatic;
				DEVELOPMENT_TEAM = 57D97FY9G4;
				INFOPLIST_FILE = CareMind/Info.plist;
				LD_RUNPATH_SEARCH_PATHS = (
					"$(inherited)",
					"@executable_path/Frameworks",
				);
				PRODUCT_BUNDLE_IDENTIFIER = io.github.grejangre.CareMind;
				PRODUCT_NAME = "$(TARGET_NAME)";
				SWIFT_VERSION = 5.0;
				TARGETED_DEVICE_FAMILY = "1,2";
			};
			name = Debug;
		};
		27E037AC229AA412002E4361 /* Release */ = {
			isa = XCBuildConfiguration;
			baseConfigurationReference = B9DD2F52A7442255F16A2B0C /* Pods-CareMind.release.xcconfig */;
			buildSettings = {
				ASSETCATALOG_COMPILER_APPICON_NAME = AppIcon;
				CODE_SIGN_STYLE = Automatic;
				DEVELOPMENT_TEAM = 57D97FY9G4;
				INFOPLIST_FILE = CareMind/Info.plist;
				LD_RUNPATH_SEARCH_PATHS = (
					"$(inherited)",
					"@executable_path/Frameworks",
				);
				PRODUCT_BUNDLE_IDENTIFIER = io.github.grejangre.CareMind;
				PRODUCT_NAME = "$(TARGET_NAME)";
				SWIFT_VERSION = 5.0;
				TARGETED_DEVICE_FAMILY = "1,2";
			};
			name = Release;
		};
/* End XCBuildConfiguration section */

/* Begin XCConfigurationList section */
		27E03790229AA40F002E4361 /* Build configuration list for PBXProject "CareMind" */ = {
			isa = XCConfigurationList;
			buildConfigurations = (
				27E037A8229AA412002E4361 /* Debug */,
				27E037A9229AA412002E4361 /* Release */,
			);
			defaultConfigurationIsVisible = 0;
			defaultConfigurationName = Release;
		};
		27E037AA229AA412002E4361 /* Build configuration list for PBXNativeTarget "CareMind" */ = {
			isa = XCConfigurationList;
			buildConfigurations = (
				27E037AB229AA412002E4361 /* Debug */,
				27E037AC229AA412002E4361 /* Release */,
			);
			defaultConfigurationIsVisible = 0;
			defaultConfigurationName = Release;
		};
/* End XCConfigurationList section */

/* Begin XCVersionGroup section */
		27E0379F229AA410002E4361 /* CareMind.xcdatamodeld */ = {
			isa = XCVersionGroup;
			children = (
				27E037A0229AA410002E4361 /* CareMind.xcdatamodel */,
			);
			currentVersion = 27E037A0229AA410002E4361 /* CareMind.xcdatamodel */;
			path = CareMind.xcdatamodeld;
			sourceTree = "<group>";
			versionGroupType = wrapper.xcdatamodel;
		};
/* End XCVersionGroup section */
	};
	rootObject = 27E0378D229AA40F002E4361 /* Project object */;
}
